// !$*UTF8*$!
{
	archiveVersion = 1;
	classes = {
	};
	objectVersion = 46;
	objects = {

/* Begin PBXBuildFile section */
		842A54201E0B59FA00E906D5 /* AppDelegate.swift in Sources */ = {isa = PBXBuildFile; fileRef = 842A541F1E0B59FA00E906D5 /* AppDelegate.swift */; };
		842A54221E0B59FA00E906D5 /* connectViewController.swift in Sources */ = {isa = PBXBuildFile; fileRef = 842A54211E0B59FA00E906D5 /* connectViewController.swift */; };
		842A54251E0B59FA00E906D5 /* Main.storyboard in Resources */ = {isa = PBXBuildFile; fileRef = 842A54231E0B59FA00E906D5 /* Main.storyboard */; };
		842A54271E0B59FA00E906D5 /* Assets.xcassets in Resources */ = {isa = PBXBuildFile; fileRef = 842A54261E0B59FA00E906D5 /* Assets.xcassets */; };
		842A542A1E0B59FA00E906D5 /* LaunchScreen.storyboard in Resources */ = {isa = PBXBuildFile; fileRef = 842A54281E0B59FA00E906D5 /* LaunchScreen.storyboard */; };
		842A54351E0B59FA00E906D5 /* VapoScorpionTests.swift in Sources */ = {isa = PBXBuildFile; fileRef = 842A54341E0B59FA00E906D5 /* VapoScorpionTests.swift */; };
		842A54401E0B59FA00E906D5 /* VapoScorpionUITests.swift in Sources */ = {isa = PBXBuildFile; fileRef = 842A543F1E0B59FA00E906D5 /* VapoScorpionUITests.swift */; };
		842A544E1E0B5E0A00E906D5 /* controlViewController.swift in Sources */ = {isa = PBXBuildFile; fileRef = 842A544D1E0B5E0A00E906D5 /* controlViewController.swift */; };
		842A54501E0B5E3C00E906D5 /* settingsViewController.swift in Sources */ = {isa = PBXBuildFile; fileRef = 842A544F1E0B5E3C00E906D5 /* settingsViewController.swift */; };
		F9C01FC81E0E201C00093FFE /* Ev3SystemCommand.swift in Sources */ = {isa = PBXBuildFile; fileRef = F9C01FB91E0E201C00093FFE /* Ev3SystemCommand.swift */; };
		F9C01FC91E0E201C00093FFE /* Ev3Command.swift in Sources */ = {isa = PBXBuildFile; fileRef = F9C01FBA1E0E201C00093FFE /* Ev3Command.swift */; };
		F9C01FCA1E0E201C00093FFE /* Ev3Enums.swift in Sources */ = {isa = PBXBuildFile; fileRef = F9C01FBB1E0E201C00093FFE /* Ev3Enums.swift */; };
		F9C01FCB1E0E201C00093FFE /* Ev3DirectCommand.swift in Sources */ = {isa = PBXBuildFile; fileRef = F9C01FBC1E0E201C00093FFE /* Ev3DirectCommand.swift */; };
		F9C01FCC1E0E201C00093FFE /* Ev3ResponseManager.swift in Sources */ = {isa = PBXBuildFile; fileRef = F9C01FBD1E0E201C00093FFE /* Ev3ResponseManager.swift */; };
		F9C01FCD1E0E201C00093FFE /* ByteTools.swift in Sources */ = {isa = PBXBuildFile; fileRef = F9C01FBE1E0E201C00093FFE /* ByteTools.swift */; };
		F9C01FCE1E0E201C00093FFE /* BrickButtons.swift in Sources */ = {isa = PBXBuildFile; fileRef = F9C01FBF1E0E201C00093FFE /* BrickButtons.swift */; };
		F9C01FCF1E0E201C00093FFE /* Ev3Brick.swift in Sources */ = {isa = PBXBuildFile; fileRef = F9C01FC01E0E201C00093FFE /* Ev3Brick.swift */; };
		F9C01FD01E0E201C00093FFE /* Ev3Connection.swift in Sources */ = {isa = PBXBuildFile; fileRef = F9C01FC11E0E201C00093FFE /* Ev3Connection.swift */; };
		F9C01FD11E0E201C00093FFE /* Ev3Port.swift in Sources */ = {isa = PBXBuildFile; fileRef = F9C01FC21E0E201C00093FFE /* Ev3Port.swift */; };
		F9C01FD21E0E201C00093FFE /* Ev3ReportDelegate.swift in Sources */ = {isa = PBXBuildFile; fileRef = F9C01FC31E0E201C00093FFE /* Ev3ReportDelegate.swift */; };
		F9C01FD31E0E201C00093FFE /* Ev3Response.swift in Sources */ = {isa = PBXBuildFile; fileRef = F9C01FC41E0E201C00093FFE /* Ev3Response.swift */; };
		F9C01FD41E0E201C00093FFE /* Ev3SimpleSounds.swift in Sources */ = {isa = PBXBuildFile; fileRef = F9C01FC51E0E201C00093FFE /* Ev3SimpleSounds.swift */; };
		F9C01FD51E0E201C00093FFE /* Ev3BrickChangedDelegate.swift in Sources */ = {isa = PBXBuildFile; fileRef = F9C01FC61E0E201C00093FFE /* Ev3BrickChangedDelegate.swift */; };
		F9C01FD61E0E201C00093FFE /* Ev3Constants.swift in Sources */ = {isa = PBXBuildFile; fileRef = F9C01FC71E0E201C00093FFE /* Ev3Constants.swift */; };
/* End PBXBuildFile section */

/* Begin PBXContainerItemProxy section */
		842A54311E0B59FA00E906D5 /* PBXContainerItemProxy */ = {
			isa = PBXContainerItemProxy;
			containerPortal = 842A54141E0B59FA00E906D5 /* Project object */;
			proxyType = 1;
			remoteGlobalIDString = 842A541B1E0B59FA00E906D5;
			remoteInfo = VapoScorpion;
		};
		842A543C1E0B59FA00E906D5 /* PBXContainerItemProxy */ = {
			isa = PBXContainerItemProxy;
			containerPortal = 842A54141E0B59FA00E906D5 /* Project object */;
			proxyType = 1;
			remoteGlobalIDString = 842A541B1E0B59FA00E906D5;
			remoteInfo = VapoScorpion;
		};
/* End PBXContainerItemProxy section */

/* Begin PBXFileReference section */
		842A541C1E0B59FA00E906D5 /* VapoScorpion.app */ = {isa = PBXFileReference; explicitFileType = wrapper.application; includeInIndex = 0; path = VapoScorpion.app; sourceTree = BUILT_PRODUCTS_DIR; };
		842A541F1E0B59FA00E906D5 /* AppDelegate.swift */ = {isa = PBXFileReference; lastKnownFileType = sourcecode.swift; path = AppDelegate.swift; sourceTree = "<group>"; };
		842A54211E0B59FA00E906D5 /* connectViewController.swift */ = {isa = PBXFileReference; lastKnownFileType = sourcecode.swift; path = connectViewController.swift; sourceTree = "<group>"; };
		842A54241E0B59FA00E906D5 /* Base */ = {isa = PBXFileReference; lastKnownFileType = file.storyboard; name = Base; path = Base.lproj/Main.storyboard; sourceTree = "<group>"; };
		842A54261E0B59FA00E906D5 /* Assets.xcassets */ = {isa = PBXFileReference; lastKnownFileType = folder.assetcatalog; path = Assets.xcassets; sourceTree = "<group>"; };
		842A54291E0B59FA00E906D5 /* Base */ = {isa = PBXFileReference; lastKnownFileType = file.storyboard; name = Base; path = Base.lproj/LaunchScreen.storyboard; sourceTree = "<group>"; };
		842A542B1E0B59FA00E906D5 /* Info.plist */ = {isa = PBXFileReference; lastKnownFileType = text.plist.xml; path = Info.plist; sourceTree = "<group>"; };
		842A54301E0B59FA00E906D5 /* VapoScorpionTests.xctest */ = {isa = PBXFileReference; explicitFileType = wrapper.cfbundle; includeInIndex = 0; path = VapoScorpionTests.xctest; sourceTree = BUILT_PRODUCTS_DIR; };
		842A54341E0B59FA00E906D5 /* VapoScorpionTests.swift */ = {isa = PBXFileReference; lastKnownFileType = sourcecode.swift; path = VapoScorpionTests.swift; sourceTree = "<group>"; };
		842A54361E0B59FA00E906D5 /* Info.plist */ = {isa = PBXFileReference; lastKnownFileType = text.plist.xml; path = Info.plist; sourceTree = "<group>"; };
		842A543B1E0B59FA00E906D5 /* VapoScorpionUITests.xctest */ = {isa = PBXFileReference; explicitFileType = wrapper.cfbundle; includeInIndex = 0; path = VapoScorpionUITests.xctest; sourceTree = BUILT_PRODUCTS_DIR; };
		842A543F1E0B59FA00E906D5 /* VapoScorpionUITests.swift */ = {isa = PBXFileReference; lastKnownFileType = sourcecode.swift; path = VapoScorpionUITests.swift; sourceTree = "<group>"; };
		842A54411E0B59FA00E906D5 /* Info.plist */ = {isa = PBXFileReference; lastKnownFileType = text.plist.xml; path = Info.plist; sourceTree = "<group>"; };
		842A544D1E0B5E0A00E906D5 /* controlViewController.swift */ = {isa = PBXFileReference; fileEncoding = 4; lastKnownFileType = sourcecode.swift; path = controlViewController.swift; sourceTree = "<group>"; };
		842A544F1E0B5E3C00E906D5 /* settingsViewController.swift */ = {isa = PBXFileReference; fileEncoding = 4; lastKnownFileType = sourcecode.swift; path = settingsViewController.swift; sourceTree = "<group>"; };
		F9C01FB91E0E201C00093FFE /* Ev3SystemCommand.swift */ = {isa = PBXFileReference; fileEncoding = 4; lastKnownFileType = sourcecode.swift; name = Ev3SystemCommand.swift; path = VapoScorpion/EV3IOS/Ev3SystemCommand.swift; sourceTree = "<group>"; };
		F9C01FBA1E0E201C00093FFE /* Ev3Command.swift */ = {isa = PBXFileReference; fileEncoding = 4; lastKnownFileType = sourcecode.swift; name = Ev3Command.swift; path = VapoScorpion/EV3IOS/Ev3Command.swift; sourceTree = "<group>"; };
		F9C01FBB1E0E201C00093FFE /* Ev3Enums.swift */ = {isa = PBXFileReference; fileEncoding = 4; lastKnownFileType = sourcecode.swift; name = Ev3Enums.swift; path = VapoScorpion/EV3IOS/Ev3Enums.swift; sourceTree = "<group>"; };
		F9C01FBC1E0E201C00093FFE /* Ev3DirectCommand.swift */ = {isa = PBXFileReference; fileEncoding = 4; lastKnownFileType = sourcecode.swift; name = Ev3DirectCommand.swift; path = VapoScorpion/EV3IOS/Ev3DirectCommand.swift; sourceTree = "<group>"; };
		F9C01FBD1E0E201C00093FFE /* Ev3ResponseManager.swift */ = {isa = PBXFileReference; fileEncoding = 4; lastKnownFileType = sourcecode.swift; name = Ev3ResponseManager.swift; path = VapoScorpion/EV3IOS/Ev3ResponseManager.swift; sourceTree = "<group>"; };
		F9C01FBE1E0E201C00093FFE /* ByteTools.swift */ = {isa = PBXFileReference; fileEncoding = 4; lastKnownFileType = sourcecode.swift; name = ByteTools.swift; path = VapoScorpion/EV3IOS/ByteTools.swift; sourceTree = "<group>"; };
		F9C01FBF1E0E201C00093FFE /* BrickButtons.swift */ = {isa = PBXFileReference; fileEncoding = 4; lastKnownFileType = sourcecode.swift; name = BrickButtons.swift; path = VapoScorpion/EV3IOS/BrickButtons.swift; sourceTree = "<group>"; };
		F9C01FC01E0E201C00093FFE /* Ev3Brick.swift */ = {isa = PBXFileReference; fileEncoding = 4; lastKnownFileType = sourcecode.swift; name = Ev3Brick.swift; path = VapoScorpion/EV3IOS/Ev3Brick.swift; sourceTree = "<group>"; };
		F9C01FC11E0E201C00093FFE /* Ev3Connection.swift */ = {isa = PBXFileReference; fileEncoding = 4; lastKnownFileType = sourcecode.swift; name = Ev3Connection.swift; path = VapoScorpion/EV3IOS/Ev3Connection.swift; sourceTree = "<group>"; };
		F9C01FC21E0E201C00093FFE /* Ev3Port.swift */ = {isa = PBXFileReference; fileEncoding = 4; lastKnownFileType = sourcecode.swift; name = Ev3Port.swift; path = VapoScorpion/EV3IOS/Ev3Port.swift; sourceTree = "<group>"; };
		F9C01FC31E0E201C00093FFE /* Ev3ReportDelegate.swift */ = {isa = PBXFileReference; fileEncoding = 4; lastKnownFileType = sourcecode.swift; name = Ev3ReportDelegate.swift; path = VapoScorpion/EV3IOS/Ev3ReportDelegate.swift; sourceTree = "<group>"; };
		F9C01FC41E0E201C00093FFE /* Ev3Response.swift */ = {isa = PBXFileReference; fileEncoding = 4; lastKnownFileType = sourcecode.swift; name = Ev3Response.swift; path = VapoScorpion/EV3IOS/Ev3Response.swift; sourceTree = "<group>"; };
		F9C01FC51E0E201C00093FFE /* Ev3SimpleSounds.swift */ = {isa = PBXFileReference; fileEncoding = 4; lastKnownFileType = sourcecode.swift; name = Ev3SimpleSounds.swift; path = VapoScorpion/EV3IOS/Ev3SimpleSounds.swift; sourceTree = "<group>"; };
		F9C01FC61E0E201C00093FFE /* Ev3BrickChangedDelegate.swift */ = {isa = PBXFileReference; fileEncoding = 4; lastKnownFileType = sourcecode.swift; name = Ev3BrickChangedDelegate.swift; path = VapoScorpion/EV3IOS/Ev3BrickChangedDelegate.swift; sourceTree = "<group>"; };
		F9C01FC71E0E201C00093FFE /* Ev3Constants.swift */ = {isa = PBXFileReference; fileEncoding = 4; lastKnownFileType = sourcecode.swift; name = Ev3Constants.swift; path = VapoScorpion/EV3IOS/Ev3Constants.swift; sourceTree = "<group>"; };
/* End PBXFileReference section */

/* Begin PBXFrameworksBuildPhase section */
		842A54191E0B59FA00E906D5 /* Frameworks */ = {
			isa = PBXFrameworksBuildPhase;
			buildActionMask = 2147483647;
			files = (
			);
			runOnlyForDeploymentPostprocessing = 0;
		};
		842A542D1E0B59FA00E906D5 /* Frameworks */ = {
			isa = PBXFrameworksBuildPhase;
			buildActionMask = 2147483647;
			files = (
			);
			runOnlyForDeploymentPostprocessing = 0;
		};
		842A54381E0B59FA00E906D5 /* Frameworks */ = {
			isa = PBXFrameworksBuildPhase;
			buildActionMask = 2147483647;
			files = (
			);
			runOnlyForDeploymentPostprocessing = 0;
		};
/* End PBXFrameworksBuildPhase section */

/* Begin PBXGroup section */
		842A54131E0B59FA00E906D5 = {
			isa = PBXGroup;
			children = (
				F9C01FB91E0E201C00093FFE /* Ev3SystemCommand.swift */,
				F9C01FBA1E0E201C00093FFE /* Ev3Command.swift */,
				F9C01FBB1E0E201C00093FFE /* Ev3Enums.swift */,
				F9C01FBC1E0E201C00093FFE /* Ev3DirectCommand.swift */,
				F9C01FBD1E0E201C00093FFE /* Ev3ResponseManager.swift */,
				F9C01FBE1E0E201C00093FFE /* ByteTools.swift */,
				F9C01FBF1E0E201C00093FFE /* BrickButtons.swift */,
				F9C01FC01E0E201C00093FFE /* Ev3Brick.swift */,
				F9C01FC11E0E201C00093FFE /* Ev3Connection.swift */,
				F9C01FC21E0E201C00093FFE /* Ev3Port.swift */,
				F9C01FC31E0E201C00093FFE /* Ev3ReportDelegate.swift */,
				F9C01FC41E0E201C00093FFE /* Ev3Response.swift */,
				F9C01FC51E0E201C00093FFE /* Ev3SimpleSounds.swift */,
				F9C01FC61E0E201C00093FFE /* Ev3BrickChangedDelegate.swift */,
				F9C01FC71E0E201C00093FFE /* Ev3Constants.swift */,
				842A541E1E0B59FA00E906D5 /* VapoScorpion */,
				842A54331E0B59FA00E906D5 /* VapoScorpionTests */,
				842A543E1E0B59FA00E906D5 /* VapoScorpionUITests */,
				842A541D1E0B59FA00E906D5 /* Products */,
			);
			sourceTree = "<group>";
		};
		842A541D1E0B59FA00E906D5 /* Products */ = {
			isa = PBXGroup;
			children = (
				842A541C1E0B59FA00E906D5 /* VapoScorpion.app */,
				842A54301E0B59FA00E906D5 /* VapoScorpionTests.xctest */,
				842A543B1E0B59FA00E906D5 /* VapoScorpionUITests.xctest */,
			);
			name = Products;
			sourceTree = "<group>";
		};
		842A541E1E0B59FA00E906D5 /* VapoScorpion */ = {
			isa = PBXGroup;
			children = (
				842A541F1E0B59FA00E906D5 /* AppDelegate.swift */,
				842A54211E0B59FA00E906D5 /* connectViewController.swift */,
				842A544D1E0B5E0A00E906D5 /* controlViewController.swift */,
				842A544F1E0B5E3C00E906D5 /* settingsViewController.swift */,
				842A54231E0B59FA00E906D5 /* Main.storyboard */,
				842A54261E0B59FA00E906D5 /* Assets.xcassets */,
				842A54281E0B59FA00E906D5 /* LaunchScreen.storyboard */,
				842A542B1E0B59FA00E906D5 /* Info.plist */,
			);
			path = VapoScorpion;
			sourceTree = "<group>";
		};
		842A54331E0B59FA00E906D5 /* VapoScorpionTests */ = {
			isa = PBXGroup;
			children = (
				842A54341E0B59FA00E906D5 /* VapoScorpionTests.swift */,
				842A54361E0B59FA00E906D5 /* Info.plist */,
			);
			path = VapoScorpionTests;
			sourceTree = "<group>";
		};
		842A543E1E0B59FA00E906D5 /* VapoScorpionUITests */ = {
			isa = PBXGroup;
			children = (
				842A543F1E0B59FA00E906D5 /* VapoScorpionUITests.swift */,
				842A54411E0B59FA00E906D5 /* Info.plist */,
			);
			path = VapoScorpionUITests;
			sourceTree = "<group>";
		};
/* End PBXGroup section */

/* Begin PBXNativeTarget section */
		842A541B1E0B59FA00E906D5 /* VapoScorpion */ = {
			isa = PBXNativeTarget;
			buildConfigurationList = 842A54441E0B59FA00E906D5 /* Build configuration list for PBXNativeTarget "VapoScorpion" */;
			buildPhases = (
				842A54181E0B59FA00E906D5 /* Sources */,
				842A54191E0B59FA00E906D5 /* Frameworks */,
				842A541A1E0B59FA00E906D5 /* Resources */,
			);
			buildRules = (
			);
			dependencies = (
			);
			name = VapoScorpion;
			productName = VapoScorpion;
			productReference = 842A541C1E0B59FA00E906D5 /* VapoScorpion.app */;
			productType = "com.apple.product-type.application";
		};
		842A542F1E0B59FA00E906D5 /* VapoScorpionTests */ = {
			isa = PBXNativeTarget;
			buildConfigurationList = 842A54471E0B59FA00E906D5 /* Build configuration list for PBXNativeTarget "VapoScorpionTests" */;
			buildPhases = (
				842A542C1E0B59FA00E906D5 /* Sources */,
				842A542D1E0B59FA00E906D5 /* Frameworks */,
				842A542E1E0B59FA00E906D5 /* Resources */,
			);
			buildRules = (
			);
			dependencies = (
				842A54321E0B59FA00E906D5 /* PBXTargetDependency */,
			);
			name = VapoScorpionTests;
			productName = VapoScorpionTests;
			productReference = 842A54301E0B59FA00E906D5 /* VapoScorpionTests.xctest */;
			productType = "com.apple.product-type.bundle.unit-test";
		};
		842A543A1E0B59FA00E906D5 /* VapoScorpionUITests */ = {
			isa = PBXNativeTarget;
			buildConfigurationList = 842A544A1E0B59FA00E906D5 /* Build configuration list for PBXNativeTarget "VapoScorpionUITests" */;
			buildPhases = (
				842A54371E0B59FA00E906D5 /* Sources */,
				842A54381E0B59FA00E906D5 /* Frameworks */,
				842A54391E0B59FA00E906D5 /* Resources */,
			);
			buildRules = (
			);
			dependencies = (
				842A543D1E0B59FA00E906D5 /* PBXTargetDependency */,
			);
			name = VapoScorpionUITests;
			productName = VapoScorpionUITests;
			productReference = 842A543B1E0B59FA00E906D5 /* VapoScorpionUITests.xctest */;
			productType = "com.apple.product-type.bundle.ui-testing";
		};
/* End PBXNativeTarget section */

/* Begin PBXProject section */
		842A54141E0B59FA00E906D5 /* Project object */ = {
			isa = PBXProject;
			attributes = {
				LastSwiftUpdateCheck = 0820;
				LastUpgradeCheck = 0820;
				ORGANIZATIONNAME = "Michelle Wei";
				TargetAttributes = {
					842A541B1E0B59FA00E906D5 = {
						CreatedOnToolsVersion = 8.2;
						DevelopmentTeam = 9WSQWWT42Y;
						LastSwiftMigration = 0820;
						ProvisioningStyle = Automatic;
					};
					842A542F1E0B59FA00E906D5 = {
						CreatedOnToolsVersion = 8.2;
						DevelopmentTeam = 4Q8BLFC9E7;
						LastSwiftMigration = 0820;
						ProvisioningStyle = Automatic;
						TestTargetID = 842A541B1E0B59FA00E906D5;
					};
					842A543A1E0B59FA00E906D5 = {
						CreatedOnToolsVersion = 8.2;
						DevelopmentTeam = 4Q8BLFC9E7;
						LastSwiftMigration = 0820;
						ProvisioningStyle = Automatic;
						TestTargetID = 842A541B1E0B59FA00E906D5;
					};
				};
			};
			buildConfigurationList = 842A54171E0B59FA00E906D5 /* Build configuration list for PBXProject "VapoScorpion" */;
			compatibilityVersion = "Xcode 3.2";
			developmentRegion = English;
			hasScannedForEncodings = 0;
			knownRegions = (
				en,
				Base,
			);
			mainGroup = 842A54131E0B59FA00E906D5;
			productRefGroup = 842A541D1E0B59FA00E906D5 /* Products */;
			projectDirPath = "";
			projectRoot = "";
			targets = (
				842A541B1E0B59FA00E906D5 /* VapoScorpion */,
				842A542F1E0B59FA00E906D5 /* VapoScorpionTests */,
				842A543A1E0B59FA00E906D5 /* VapoScorpionUITests */,
			);
		};
/* End PBXProject section */

/* Begin PBXResourcesBuildPhase section */
		842A541A1E0B59FA00E906D5 /* Resources */ = {
			isa = PBXResourcesBuildPhase;
			buildActionMask = 2147483647;
			files = (
				842A542A1E0B59FA00E906D5 /* LaunchScreen.storyboard in Resources */,
				842A54271E0B59FA00E906D5 /* Assets.xcassets in Resources */,
				842A54251E0B59FA00E906D5 /* Main.storyboard in Resources */,
			);
			runOnlyForDeploymentPostprocessing = 0;
		};
		842A542E1E0B59FA00E906D5 /* Resources */ = {
			isa = PBXResourcesBuildPhase;
			buildActionMask = 2147483647;
			files = (
			);
			runOnlyForDeploymentPostprocessing = 0;
		};
		842A54391E0B59FA00E906D5 /* Resources */ = {
			isa = PBXResourcesBuildPhase;
			buildActionMask = 2147483647;
			files = (
			);
			runOnlyForDeploymentPostprocessing = 0;
		};
/* End PBXResourcesBuildPhase section */

/* Begin PBXSourcesBuildPhase section */
		842A54181E0B59FA00E906D5 /* Sources */ = {
			isa = PBXSourcesBuildPhase;
			buildActionMask = 2147483647;
			files = (
				F9C01FD61E0E201C00093FFE /* Ev3Constants.swift in Sources */,
				F9C01FD51E0E201C00093FFE /* Ev3BrickChangedDelegate.swift in Sources */,
				F9C01FCA1E0E201C00093FFE /* Ev3Enums.swift in Sources */,
				F9C01FD11E0E201C00093FFE /* Ev3Port.swift in Sources */,
				F9C01FCB1E0E201C00093FFE /* Ev3DirectCommand.swift in Sources */,
				F9C01FC91E0E201C00093FFE /* Ev3Command.swift in Sources */,
				F9C01FD21E0E201C00093FFE /* Ev3ReportDelegate.swift in Sources */,
				F9C01FD41E0E201C00093FFE /* Ev3SimpleSounds.swift in Sources */,
				842A544E1E0B5E0A00E906D5 /* controlViewController.swift in Sources */,
				842A54221E0B59FA00E906D5 /* connectViewController.swift in Sources */,
				842A54201E0B59FA00E906D5 /* AppDelegate.swift in Sources */,
				F9C01FCF1E0E201C00093FFE /* Ev3Brick.swift in Sources */,
				F9C01FD31E0E201C00093FFE /* Ev3Response.swift in Sources */,
				842A54501E0B5E3C00E906D5 /* settingsViewController.swift in Sources */,
				F9C01FCE1E0E201C00093FFE /* BrickButtons.swift in Sources */,
				F9C01FD01E0E201C00093FFE /* Ev3Connection.swift in Sources */,
				F9C01FCD1E0E201C00093FFE /* ByteTools.swift in Sources */,
				F9C01FC81E0E201C00093FFE /* Ev3SystemCommand.swift in Sources */,
				F9C01FCC1E0E201C00093FFE /* Ev3ResponseManager.swift in Sources */,
			);
			runOnlyForDeploymentPostprocessing = 0;
		};
		842A542C1E0B59FA00E906D5 /* Sources */ = {
			isa = PBXSourcesBuildPhase;
			buildActionMask = 2147483647;
			files = (
				842A54351E0B59FA00E906D5 /* VapoScorpionTests.swift in Sources */,
			);
			runOnlyForDeploymentPostprocessing = 0;
		};
		842A54371E0B59FA00E906D5 /* Sources */ = {
			isa = PBXSourcesBuildPhase;
			buildActionMask = 2147483647;
			files = (
				842A54401E0B59FA00E906D5 /* VapoScorpionUITests.swift in Sources */,
			);
			runOnlyForDeploymentPostprocessing = 0;
		};
/* End PBXSourcesBuildPhase section */

/* Begin PBXTargetDependency section */
		842A54321E0B59FA00E906D5 /* PBXTargetDependency */ = {
			isa = PBXTargetDependency;
			target = 842A541B1E0B59FA00E906D5 /* VapoScorpion */;
			targetProxy = 842A54311E0B59FA00E906D5 /* PBXContainerItemProxy */;
		};
		842A543D1E0B59FA00E906D5 /* PBXTargetDependency */ = {
			isa = PBXTargetDependency;
			target = 842A541B1E0B59FA00E906D5 /* VapoScorpion */;
			targetProxy = 842A543C1E0B59FA00E906D5 /* PBXContainerItemProxy */;
		};
/* End PBXTargetDependency section */

/* Begin PBXVariantGroup section */
		842A54231E0B59FA00E906D5 /* Main.storyboard */ = {
			isa = PBXVariantGroup;
			children = (
				842A54241E0B59FA00E906D5 /* Base */,
			);
			name = Main.storyboard;
			sourceTree = "<group>";
		};
		842A54281E0B59FA00E906D5 /* LaunchScreen.storyboard */ = {
			isa = PBXVariantGroup;
			children = (
				842A54291E0B59FA00E906D5 /* Base */,
			);
			name = LaunchScreen.storyboard;
			sourceTree = "<group>";
		};
/* End PBXVariantGroup section */

/* Begin XCBuildConfiguration section */
		842A54421E0B59FA00E906D5 /* Debug */ = {
			isa = XCBuildConfiguration;
			buildSettings = {
				ALWAYS_SEARCH_USER_PATHS = NO;
				CLANG_ANALYZER_NONNULL = YES;
				CLANG_CXX_LANGUAGE_STANDARD = "gnu++0x";
				CLANG_CXX_LIBRARY = "libc++";
				CLANG_ENABLE_MODULES = YES;
				CLANG_ENABLE_OBJC_ARC = YES;
				CLANG_WARN_BOOL_CONVERSION = YES;
				CLANG_WARN_CONSTANT_CONVERSION = YES;
				CLANG_WARN_DIRECT_OBJC_ISA_USAGE = YES_ERROR;
				CLANG_WARN_DOCUMENTATION_COMMENTS = YES;
				CLANG_WARN_EMPTY_BODY = YES;
				CLANG_WARN_ENUM_CONVERSION = YES;
				CLANG_WARN_INFINITE_RECURSION = YES;
				CLANG_WARN_INT_CONVERSION = YES;
				CLANG_WARN_OBJC_ROOT_CLASS = YES_ERROR;
				CLANG_WARN_SUSPICIOUS_MOVE = YES;
				CLANG_WARN_UNREACHABLE_CODE = YES;
				CLANG_WARN__DUPLICATE_METHOD_MATCH = YES;
				"CODE_SIGN_IDENTITY[sdk=iphoneos*]" = "iPhone Developer";
				COPY_PHASE_STRIP = NO;
				DEBUG_INFORMATION_FORMAT = dwarf;
				ENABLE_STRICT_OBJC_MSGSEND = YES;
				ENABLE_TESTABILITY = YES;
				GCC_C_LANGUAGE_STANDARD = gnu99;
				GCC_DYNAMIC_NO_PIC = NO;
				GCC_NO_COMMON_BLOCKS = YES;
				GCC_OPTIMIZATION_LEVEL = 0;
				GCC_PREPROCESSOR_DEFINITIONS = (
					"DEBUG=1",
					"$(inherited)",
				);
				GCC_WARN_64_TO_32_BIT_CONVERSION = YES;
				GCC_WARN_ABOUT_RETURN_TYPE = YES_ERROR;
				GCC_WARN_UNDECLARED_SELECTOR = YES;
				GCC_WARN_UNINITIALIZED_AUTOS = YES_AGGRESSIVE;
				GCC_WARN_UNUSED_FUNCTION = YES;
				GCC_WARN_UNUSED_VARIABLE = YES;
				IPHONEOS_DEPLOYMENT_TARGET = 10.2;
				MTL_ENABLE_DEBUG_INFO = YES;
				ONLY_ACTIVE_ARCH = YES;
				SDKROOT = iphoneos;
				SWIFT_ACTIVE_COMPILATION_CONDITIONS = DEBUG;
				SWIFT_OPTIMIZATION_LEVEL = "-Onone";
				TARGETED_DEVICE_FAMILY = "1,2";
			};
			name = Debug;
		};
		842A54431E0B59FA00E906D5 /* Release */ = {
			isa = XCBuildConfiguration;
			buildSettings = {
				ALWAYS_SEARCH_USER_PATHS = NO;
				CLANG_ANALYZER_NONNULL = YES;
				CLANG_CXX_LANGUAGE_STANDARD = "gnu++0x";
				CLANG_CXX_LIBRARY = "libc++";
				CLANG_ENABLE_MODULES = YES;
				CLANG_ENABLE_OBJC_ARC = YES;
				CLANG_WARN_BOOL_CONVERSION = YES;
				CLANG_WARN_CONSTANT_CONVERSION = YES;
				CLANG_WARN_DIRECT_OBJC_ISA_USAGE = YES_ERROR;
				CLANG_WARN_DOCUMENTATION_COMMENTS = YES;
				CLANG_WARN_EMPTY_BODY = YES;
				CLANG_WARN_ENUM_CONVERSION = YES;
				CLANG_WARN_INFINITE_RECURSION = YES;
				CLANG_WARN_INT_CONVERSION = YES;
				CLANG_WARN_OBJC_ROOT_CLASS = YES_ERROR;
				CLANG_WARN_SUSPICIOUS_MOVE = YES;
				CLANG_WARN_UNREACHABLE_CODE = YES;
				CLANG_WARN__DUPLICATE_METHOD_MATCH = YES;
				"CODE_SIGN_IDENTITY[sdk=iphoneos*]" = "iPhone Developer";
				COPY_PHASE_STRIP = NO;
				DEBUG_INFORMATION_FORMAT = "dwarf-with-dsym";
				ENABLE_NS_ASSERTIONS = NO;
				ENABLE_STRICT_OBJC_MSGSEND = YES;
				GCC_C_LANGUAGE_STANDARD = gnu99;
				GCC_NO_COMMON_BLOCKS = YES;
				GCC_WARN_64_TO_32_BIT_CONVERSION = YES;
				GCC_WARN_ABOUT_RETURN_TYPE = YES_ERROR;
				GCC_WARN_UNDECLARED_SELECTOR = YES;
				GCC_WARN_UNINITIALIZED_AUTOS = YES_AGGRESSIVE;
				GCC_WARN_UNUSED_FUNCTION = YES;
				GCC_WARN_UNUSED_VARIABLE = YES;
				IPHONEOS_DEPLOYMENT_TARGET = 10.2;
				MTL_ENABLE_DEBUG_INFO = NO;
				SDKROOT = iphoneos;
				SWIFT_OPTIMIZATION_LEVEL = "-Owholemodule";
				TARGETED_DEVICE_FAMILY = "1,2";
				VALIDATE_PRODUCT = YES;
			};
			name = Release;
		};
		842A54451E0B59FA00E906D5 /* Debug */ = {
			isa = XCBuildConfiguration;
			buildSettings = {
				ASSETCATALOG_COMPILER_APPICON_NAME = AppIcon;
				DEVELOPMENT_TEAM = 9WSQWWT42Y;
				INFOPLIST_FILE = VapoScorpion/Info.plist;
				LD_RUNPATH_SEARCH_PATHS = "$(inherited) @executable_path/Frameworks";
				PRODUCT_BUNDLE_IDENTIFIER = com.monsieurprotist.vaposcopion;
				PRODUCT_NAME = "$(TARGET_NAME)";
				SWIFT_VERSION = 3.0;
			};
			name = Debug;
		};
		842A54461E0B59FA00E906D5 /* Release */ = {
			isa = XCBuildConfiguration;
			buildSettings = {
				ASSETCATALOG_COMPILER_APPICON_NAME = AppIcon;
				DEVELOPMENT_TEAM = 9WSQWWT42Y;
				INFOPLIST_FILE = VapoScorpion/Info.plist;
				LD_RUNPATH_SEARCH_PATHS = "$(inherited) @executable_path/Frameworks";
				PRODUCT_BUNDLE_IDENTIFIER = com.monsieurprotist.vaposcopion;
				PRODUCT_NAME = "$(TARGET_NAME)";
				SWIFT_VERSION = 3.0;
			};
			name = Release;
		};
		842A54481E0B59FA00E906D5 /* Debug */ = {
			isa = XCBuildConfiguration;
			buildSettings = {
				ALWAYS_EMBED_SWIFT_STANDARD_LIBRARIES = YES;
				BUNDLE_LOADER = "$(TEST_HOST)";
				DEVELOPMENT_TEAM = 4Q8BLFC9E7;
				INFOPLIST_FILE = VapoScorpionTests/Info.plist;
				LD_RUNPATH_SEARCH_PATHS = "$(inherited) @executable_path/Frameworks @loader_path/Frameworks";
				PRODUCT_BUNDLE_IDENTIFIER = "Michelle-Wei.VapoScorpionTests";
				PRODUCT_NAME = "$(TARGET_NAME)";
				SWIFT_VERSION = 3.0;
				TEST_HOST = "$(BUILT_PRODUCTS_DIR)/VapoScorpion.app/VapoScorpion";
			};
			name = Debug;
		};
		842A54491E0B59FA00E906D5 /* Release */ = {
			isa = XCBuildConfiguration;
			buildSettings = {
				ALWAYS_EMBED_SWIFT_STANDARD_LIBRARIES = YES;
				BUNDLE_LOADER = "$(TEST_HOST)";
				DEVELOPMENT_TEAM = 4Q8BLFC9E7;
				INFOPLIST_FILE = VapoScorpionTests/Info.plist;
				LD_RUNPATH_SEARCH_PATHS = "$(inherited) @executable_path/Frameworks @loader_path/Frameworks";
				PRODUCT_BUNDLE_IDENTIFIER = "Michelle-Wei.VapoScorpionTests";
				PRODUCT_NAME = "$(TARGET_NAME)";
				SWIFT_VERSION = 3.0;
				TEST_HOST = "$(BUILT_PRODUCTS_DIR)/VapoScorpion.app/VapoScorpion";
			};
			name = Release;
		};
		842A544B1E0B59FA00E906D5 /* Debug */ = {
			isa = XCBuildConfiguration;
			buildSettings = {
				ALWAYS_EMBED_SWIFT_STANDARD_LIBRARIES = YES;
				DEVELOPMENT_TEAM = 4Q8BLFC9E7;
				INFOPLIST_FILE = VapoScorpionUITests/Info.plist;
				LD_RUNPATH_SEARCH_PATHS = "$(inherited) @executable_path/Frameworks @loader_path/Frameworks";
				PRODUCT_BUNDLE_IDENTIFIER = "Michelle-Wei.VapoScorpionUITests";
				PRODUCT_NAME = "$(TARGET_NAME)";
				SWIFT_VERSION = 3.0;
				TEST_TARGET_NAME = VapoScorpion;
			};
			name = Debug;
		};
		842A544C1E0B59FA00E906D5 /* Release */ = {
			isa = XCBuildConfiguration;
			buildSettings = {
				ALWAYS_EMBED_SWIFT_STANDARD_LIBRARIES = YES;
				DEVELOPMENT_TEAM = 4Q8BLFC9E7;
				INFOPLIST_FILE = VapoScorpionUITests/Info.plist;
				LD_RUNPATH_SEARCH_PATHS = "$(inherited) @executable_path/Frameworks @loader_path/Frameworks";
				PRODUCT_BUNDLE_IDENTIFIER = "Michelle-Wei.VapoScorpionUITests";
				PRODUCT_NAME = "$(TARGET_NAME)";
				SWIFT_VERSION = 3.0;
				TEST_TARGET_NAME = VapoScorpion;
			};
			name = Release;
		};
/* End XCBuildConfiguration section */

/* Begin XCConfigurationList section */
		842A54171E0B59FA00E906D5 /* Build configuration list for PBXProject "VapoScorpion" */ = {
			isa = XCConfigurationList;
			buildConfigurations = (
				842A54421E0B59FA00E906D5 /* Debug */,
				842A54431E0B59FA00E906D5 /* Release */,
			);
			defaultConfigurationIsVisible = 0;
			defaultConfigurationName = Release;
		};
		842A54441E0B59FA00E906D5 /* Build configuration list for PBXNativeTarget "VapoScorpion" */ = {
			isa = XCConfigurationList;
			buildConfigurations = (
				842A54451E0B59FA00E906D5 /* Debug */,
				842A54461E0B59FA00E906D5 /* Release */,
			);
			defaultConfigurationIsVisible = 0;
			defaultConfigurationName = Release;
		};
		842A54471E0B59FA00E906D5 /* Build configuration list for PBXNativeTarget "VapoScorpionTests" */ = {
			isa = XCConfigurationList;
			buildConfigurations = (
				842A54481E0B59FA00E906D5 /* Debug */,
				842A54491E0B59FA00E906D5 /* Release */,
			);
			defaultConfigurationIsVisible = 0;
			defaultConfigurationName = Release;
		};
		842A544A1E0B59FA00E906D5 /* Build configuration list for PBXNativeTarget "VapoScorpionUITests" */ = {
			isa = XCConfigurationList;
			buildConfigurations = (
				842A544B1E0B59FA00E906D5 /* Debug */,
				842A544C1E0B59FA00E906D5 /* Release */,
			);
			defaultConfigurationIsVisible = 0;
			defaultConfigurationName = Release;
		};
/* End XCConfigurationList section */
	};
	rootObject = 842A54141E0B59FA00E906D5 /* Project object */;
}
